[{<<"b64fast">>,
  {git,"https://github.com/ArweaveTeam/b64fast.git",
       {ref,"58f0502e49bf73b29d95c6d02460d1fb8d2a5273"}},
  0},
 {<<"cowboy">>,
  {git,"https://github.com/ninenines/cowboy.git",
       {ref,"e713a630f384f861fa396048f9c881ca183aeda9"}},
  0},
 {<<"cowlib">>,
  {git,"https://github.com/ninenines/cowlib.git",
       {ref,"aca0ad953417b29bab2c41eeb4c37c98606c848b"}},
  0},
 {<<"graphql">>,
  {git,"https://github.com/esl/graphql-erlang.git",
       {ref,"b831d169cca2ec481bad8fbf6b62f3ff67f903dd"}},
  0},
 {<<"gun">>,
  {git,"https://github.com/ninenines/gun.git",
       {ref,"627b8f9ed65da255afaddd166b1b9d102e0fa512"}},
  0},
 {<<"luerl">>,
  {git,"https://github.com/rvirding/luerl.git",
       {ref,"ef8f95565f07d62d0acd8761610a21d159a416df"}},
  0},
 {<<"ranch">>,
  {git,"https://github.com/ninenines/ranch.git",
       {ref,"9c8520ab8e9c6f3890ac3251d04fbe0b9514940f"}},
  0}].
